
Microsoft Visual Studio Solution File, Format Version 12.00
# Visual Studio Version 17
VisualStudioVersion = 17.1.32421.90
MinimumVisualStudioVersion = 10.0.40219.1
Project("{FAE04EC0-301F-11D3-BF4B-00C04F79EFBC}") = "CryptoAPI", "CryptoAPI\CryptoAPI.csproj", "{BA859B98-358B-4465-9379-9EA93F539CFB}"
EndProject
Global
	GlobalSection(SolutionConfigurationPlatforms) = preSolution
		Debug|Any CPU = Debug|Any CPU
		Release|Any CPU = Release|Any CPU
	EndGlobalSection
	GlobalSection(ProjectConfigurationPlatforms) = postSolution
		{BA859B98-358B-4465-9379-9EA93F539CFB}.Debug|Any CPU.ActiveCfg = Debug|Any CPU
		{BA859B98-358B-4465-9379-9EA93F539CFB}.Debug|Any CPU.Build.0 = Debug|Any CPU
		{BA859B98-358B-4465-9379-9EA93F539CFB}.Release|Any CPU.ActiveCfg = Release|Any CPU
		{BA859B98-358B-4465-9379-9EA93F539CFB}.Release|Any CPU.Build.0 = Release|Any CPU
	EndGlobalSection
	GlobalSection(SolutionProperties) = preSolution
		HideSolutionNode = FALSE
	EndGlobalSection
	GlobalSection(ExtensibilityGlobals) = postSolution
		SolutionGuid = {5C371EAD-CF68-4118-8B0F-C8DD0A19CF56}
	EndGlobalSection
EndGlobal
